# generated by rye
# use `rye lock` or `rye sync` to update this lockfile
#
# last locked with the following flags:
#   pre: false
#   features: []
#   all-features: false
#   with-sources: false
#   generate-hashes: false
#   universal: false

-e file:.
-e file:pyvortex
babel==2.15.0
    # via mkdocs-material
bracex==2.4
    # via wcmatch
certifi==2024.7.4
    # via requests
charset-normalizer==3.3.2
    # via requests
click==8.1.7
    # via mkdocs
colorama==0.4.6
    # via mkdocs-material
ghp-import==2.1.0
    # via mkdocs
idna==3.7
    # via requests
importlib-metadata==8.2.0
    # via mike
importlib-resources==6.4.0
    # via mike
iniconfig==2.0.0
    # via pytest
jinja2==3.1.4
    # via mike
    # via mkdocs
    # via mkdocs-material
markdown==3.6
    # via mkdocs
    # via mkdocs-material
    # via pymdown-extensions
markupsafe==2.1.5
    # via jinja2
    # via mkdocs
maturin==1.7.0
mergedeep==1.3.4
    # via mkdocs
    # via mkdocs-get-deps
mike==2.1.2
mkdocs==1.6.0
    # via mike
    # via mkdocs-include-markdown-plugin
    # via mkdocs-material
mkdocs-get-deps==0.2.0
    # via mkdocs
mkdocs-include-markdown-plugin==6.2.1
mkdocs-material==9.5.30
mkdocs-material-extensions==1.3.1
    # via mkdocs-material
numpy==2.0.1
    # via pyarrow
packaging==24.1
    # via mkdocs
    # via pytest
paginate==0.5.6
    # via mkdocs-material
pathspec==0.12.1
    # via mkdocs
pip==24.2
platformdirs==4.2.2
    # via mkdocs-get-deps
pluggy==1.5.0
    # via pytest
py-cpuinfo==9.0.0
    # via pytest-benchmark
pyarrow==17.0.0
pygments==2.18.0
    # via mkdocs-material
pymdown-extensions==10.9
    # via mkdocs-material
pyparsing==3.1.2
    # via mike
pytest==8.3.2
    # via pytest-benchmark
pytest-benchmark==4.0.0
python-dateutil==2.9.0.post0
    # via ghp-import
pyyaml==6.0.1
    # via mike
    # via mkdocs
    # via mkdocs-get-deps
    # via pymdown-extensions
    # via pyyaml-env-tag
pyyaml-env-tag==0.1
    # via mike
    # via mkdocs
regex==2024.7.24
    # via mkdocs-material
requests==2.32.3
    # via mkdocs-material
ruff==0.5.5
six==1.16.0
    # via python-dateutil
urllib3==2.2.2
    # via requests
verspec==0.1.0
    # via mike
watchdog==4.0.1
    # via mkdocs
wcmatch==8.5.2
    # via mkdocs-include-markdown-plugin
zipp==3.19.2
    # via importlib-metadata
