# generated by rye
# use `rye lock` or `rye sync` to update this lockfile
#
# last locked with the following flags:
#   pre: false
#   features: []
#   all-features: false
#   with-sources: false
#   generate-hashes: false
#   universal: false

-e file:.
-e file:pyvortex
black==24.8.0
    # via vortex
click==8.1.7
    # via black
mypy-extensions==1.0.0
    # via black
packaging==24.1
    # via black
pathspec==0.12.1
    # via black
platformdirs==4.2.2
    # via black
