# generated by rye
# use `rye lock` or `rye sync` to update this lockfile
#
# last locked with the following flags:
#   pre: false
#   features: []
#   all-features: false
#   with-sources: false
#   generate-hashes: false
#   universal: false

-e file:.
-e file:pyvortex
accessible-pygments==0.0.5
    # via pydata-sphinx-theme
alabaster==1.0.0
    # via sphinx
babel==2.16.0
    # via pydata-sphinx-theme
    # via sphinx
beautifulsoup4==4.12.3
    # via pydata-sphinx-theme
black==24.8.0
    # via vortex
certifi==2024.8.30
    # via requests
charset-normalizer==3.3.2
    # via requests
click==8.1.7
    # via black
docutils==0.21.2
    # via pydata-sphinx-theme
    # via sphinx
idna==3.8
    # via requests
imagesize==1.4.1
    # via sphinx
jinja2==3.1.4
    # via sphinx
markupsafe==2.1.5
    # via jinja2
mypy-extensions==1.0.0
    # via black
packaging==24.1
    # via black
    # via pydata-sphinx-theme
    # via sphinx
pathspec==0.12.1
    # via black
platformdirs==4.2.2
    # via black
pydata-sphinx-theme==0.15.4
    # via vortex
pygments==2.18.0
    # via accessible-pygments
    # via pydata-sphinx-theme
    # via sphinx
requests==2.32.3
    # via sphinx
snowballstemmer==2.2.0
    # via sphinx
soupsieve==2.6
    # via beautifulsoup4
sphinx==8.0.2
    # via pydata-sphinx-theme
sphinxcontrib-applehelp==2.0.0
    # via sphinx
sphinxcontrib-devhelp==2.0.0
    # via sphinx
sphinxcontrib-htmlhelp==2.1.0
    # via sphinx
sphinxcontrib-jsmath==1.0.1
    # via sphinx
sphinxcontrib-qthelp==2.0.0
    # via sphinx
sphinxcontrib-serializinghtml==2.0.0
    # via sphinx
typing-extensions==4.12.2
    # via pydata-sphinx-theme
urllib3==2.2.2
    # via requests
